
Microsoft Visual Studio Solution File, Format Version 12.00
# Visual Studio 2013
VisualStudioVersion = 12.0.31101.0
MinimumVisualStudioVersion = 10.0.40219.1
Project("{2150E333-8FDC-42A3-9474-1A3956D46DE8}") = "01 - Presentation", "01 - Presentation", "{08C64D6E-6AE4-4FBA-9A08-77337610321B}"
EndProject
Project("{2150E333-8FDC-42A3-9474-1A3956D46DE8}") = "02 - Application", "02 - Application", "{EDC1DFE8-C1C9-4B6B-802E-AF0668F4590E}"
EndProject
Project("{2150E333-8FDC-42A3-9474-1A3956D46DE8}") = "03 - Domain", "03 - Domain", "{DFA54B52-D5C6-4E6B-AAED-582B96E14C68}"
EndProject
Project("{2150E333-8FDC-42A3-9474-1A3956D46DE8}") = "04 - Infrastructure", "04 - Infrastructure", "{DA8CFDCC-CE9C-427B-BA8A-31DF0AC44873}"
EndProject
Project("{FAE04EC0-301F-11D3-BF4B-00C04F79EFBC}") = "Teste.EF.PostgreSQL.CodeFirst.Domain", "Teste.EF.PostgreSQL.CodeFirst.Domain\Teste.EF.PostgreSQL.CodeFirst.Domain.csproj", "{DA0ADB4C-63AC-4E9B-B87F-6DE9DABBFDC7}"
EndProject
Project("{FAE04EC0-301F-11D3-BF4B-00C04F79EFBC}") = "Teste.EF.PostgreSQL.CodeFirst.Infra", "Teste.EF.PostgreSQL.CodeFirst.Infra\Teste.EF.PostgreSQL.CodeFirst.Infra.csproj", "{0CE157A6-4E00-485B-BB6B-7FFF515265CF}"
EndProject
Project("{FAE04EC0-301F-11D3-BF4B-00C04F79EFBC}") = "Teste.EF.PostgreSQL.CodeFirst.UI.Console", "Teste.EF.PostgreSQL.CodeFirst.UI.Console\Teste.EF.PostgreSQL.CodeFirst.UI.Console.csproj", "{945C64D1-7D88-42D0-A33B-DC0AF747C8B1}"
EndProject
Project("{FAE04EC0-301F-11D3-BF4B-00C04F79EFBC}") = "Application", "Application\Application.csproj", "{3F950497-F627-45E2-89E1-A5B0CB85BE25}"
EndProject
Global
	GlobalSection(SolutionConfigurationPlatforms) = preSolution
		Debug|Any CPU = Debug|Any CPU
		Release|Any CPU = Release|Any CPU
	EndGlobalSection
	GlobalSection(ProjectConfigurationPlatforms) = postSolution
		{DA0ADB4C-63AC-4E9B-B87F-6DE9DABBFDC7}.Debug|Any CPU.ActiveCfg = Debug|Any CPU
		{DA0ADB4C-63AC-4E9B-B87F-6DE9DABBFDC7}.Debug|Any CPU.Build.0 = Debug|Any CPU
		{DA0ADB4C-63AC-4E9B-B87F-6DE9DABBFDC7}.Release|Any CPU.ActiveCfg = Release|Any CPU
		{DA0ADB4C-63AC-4E9B-B87F-6DE9DABBFDC7}.Release|Any CPU.Build.0 = Release|Any CPU
		{0CE157A6-4E00-485B-BB6B-7FFF515265CF}.Debug|Any CPU.ActiveCfg = Debug|Any CPU
		{0CE157A6-4E00-485B-BB6B-7FFF515265CF}.Debug|Any CPU.Build.0 = Debug|Any CPU
		{0CE157A6-4E00-485B-BB6B-7FFF515265CF}.Release|Any CPU.ActiveCfg = Release|Any CPU
		{0CE157A6-4E00-485B-BB6B-7FFF515265CF}.Release|Any CPU.Build.0 = Release|Any CPU
		{945C64D1-7D88-42D0-A33B-DC0AF747C8B1}.Debug|Any CPU.ActiveCfg = Debug|Any CPU
		{945C64D1-7D88-42D0-A33B-DC0AF747C8B1}.Debug|Any CPU.Build.0 = Debug|Any CPU
		{945C64D1-7D88-42D0-A33B-DC0AF747C8B1}.Release|Any CPU.ActiveCfg = Release|Any CPU
		{945C64D1-7D88-42D0-A33B-DC0AF747C8B1}.Release|Any CPU.Build.0 = Release|Any CPU
		{3F950497-F627-45E2-89E1-A5B0CB85BE25}.Debug|Any CPU.ActiveCfg = Debug|Any CPU
		{3F950497-F627-45E2-89E1-A5B0CB85BE25}.Debug|Any CPU.Build.0 = Debug|Any CPU
		{3F950497-F627-45E2-89E1-A5B0CB85BE25}.Release|Any CPU.ActiveCfg = Release|Any CPU
		{3F950497-F627-45E2-89E1-A5B0CB85BE25}.Release|Any CPU.Build.0 = Release|Any CPU
	EndGlobalSection
	GlobalSection(SolutionProperties) = preSolution
		HideSolutionNode = FALSE
	EndGlobalSection
	GlobalSection(NestedProjects) = preSolution
		{DA0ADB4C-63AC-4E9B-B87F-6DE9DABBFDC7} = {DFA54B52-D5C6-4E6B-AAED-582B96E14C68}
		{0CE157A6-4E00-485B-BB6B-7FFF515265CF} = {DA8CFDCC-CE9C-427B-BA8A-31DF0AC44873}
		{945C64D1-7D88-42D0-A33B-DC0AF747C8B1} = {08C64D6E-6AE4-4FBA-9A08-77337610321B}
		{3F950497-F627-45E2-89E1-A5B0CB85BE25} = {EDC1DFE8-C1C9-4B6B-802E-AF0668F4590E}
	EndGlobalSection
EndGlobal
